
Microsoft Visual Studio Solution File, Format Version 12.00
# Visual Studio Version 17
VisualStudioVersion = 17.6.33815.320
MinimumVisualStudioVersion = 10.0.40219.1
Project("{FAE04EC0-301F-11D3-BF4B-00C04F79EFBC}") = "HotelListing.API", "HotelListing.API\HotelListing.API.csproj", "{6B243187-C9CE-4F01-B8DB-D40561D445AB}"
EndProject
Global
	GlobalSection(SolutionConfigurationPlatforms) = preSolution
		Debug|Any CPU = Debug|Any CPU
		Release|Any CPU = Release|Any CPU
	EndGlobalSection
	GlobalSection(ProjectConfigurationPlatforms) = postSolution
		{6B243187-C9CE-4F01-B8DB-D40561D445AB}.Debug|Any CPU.ActiveCfg = Debug|Any CPU
		{6B243187-C9CE-4F01-B8DB-D40561D445AB}.Debug|Any CPU.Build.0 = Debug|Any CPU
		{6B243187-C9CE-4F01-B8DB-D40561D445AB}.Release|Any CPU.ActiveCfg = Release|Any CPU
		{6B243187-C9CE-4F01-B8DB-D40561D445AB}.Release|Any CPU.Build.0 = Release|Any CPU
	EndGlobalSection
	GlobalSection(SolutionProperties) = preSolution
		HideSolutionNode = FALSE
	EndGlobalSection
	GlobalSection(ExtensibilityGlobals) = postSolution
		SolutionGuid = {63061EC0-AFEE-421A-B52E-EB67B213A908}
	EndGlobalSection
EndGlobal
